version = 1
revision = 1
requires-python = ">=3.7"
resolution-markers = [
    "python_full_version >= '3.9'",
    "python_full_version == '3.8.*'",
    "python_full_version < '3.8'",
]

[[package]]
name = "appdirs"
version = "1.4.4"
source = { registry = "https://pypi.org/simple" }
sdist = { url = "https://files.pythonhosted.org/packages/d7/d8/05696357e0311f5b5c316d7b95f46c669dd9c15aaeecbb48c7d0aeb88c40/appdirs-1.4.4.tar.gz", hash = "sha256:7d5d0167b2b1ba821647616af46a749d1c653740dd0d2415100fe26e27afdf41", size = 13470 }
wheels = [
    { url = "https://files.pythonhosted.org/packages/3b/00/2344469e2084fb287c2e0b57b72910309874c3245463acd6cf5e3db69324/appdirs-1.4.4-py2.py3-none-any.whl", hash = "sha256:a841dacd6b99318a741b166adb07e19ee71a274450e68237b4650ca1055ab128", size = 9566 },
]

[[package]]
name = "better-exchook"
version = "1.20250422.203841"
source = { registry = "https://pypi.org/simple" }
sdist = { url = "https://files.pythonhosted.org/packages/7d/9c/2619c8d66bd55cf1c29b9abaa1847e30390fa200ee29442e7fb64b5c2dbf/better_exchook-1.20250422.203841.tar.gz", hash = "sha256:b1f1663bb2aca201d0edd3ffdb6780a8232f2f07aa0554729536ec15cc2a5864", size = 25079 }
wheels = [
    { url = "https://files.pythonhosted.org/packages/59/71/699ca81b1c87ab1bc215f4e82fe17991017554c86878c7e1cda88c21cc4c/better_exchook-1.20250422.203841-py3-none-any.whl", hash = "sha256:a4261639bb520ab915bb6d7d608997fe81bedaa8474bda40545c5e24c1ea1cbf", size = 24348 },
]

[[package]]
name = "evdev"
version = "1.7.1"
source = { registry = "https://pypi.org/simple" }
resolution-markers = [
    "python_full_version < '3.8'",
]
sdist = { url = "https://files.pythonhosted.org/packages/12/bb/f622a8a5e64d46ca83020a761877c0ead19140903c9aaf1431f3c531fdf6/evdev-1.7.1.tar.gz", hash = "sha256:0c72c370bda29d857e188d931019c32651a9c1ea977c08c8d939b1ced1637fde", size = 30705 }

[[package]]
name = "evdev"
version = "1.9.2"
source = { registry = "https://pypi.org/simple" }
resolution-markers = [
    "python_full_version >= '3.9'",
    "python_full_version == '3.8.*'",
]
sdist = { url = "https://files.pythonhosted.org/packages/63/fe/a17c106a1f4061ce83f04d14bcedcfb2c38c7793ea56bfb906a6fadae8cb/evdev-1.9.2.tar.gz", hash = "sha256:5d3278892ce1f92a74d6bf888cc8525d9f68af85dbe336c95d1c87fb8f423069", size = 33301 }

[[package]]
name = "mswaa"
version = "0.1.0"
source = { editable = "." }
dependencies = [
    { name = "appdirs" },
    { name = "better-exchook" },
    { name = "pynput" },
]

[package.metadata]
requires-dist = [
    { name = "appdirs", specifier = ">=1.4.4" },
    { name = "better-exchook", specifier = ">=1.20250422.203841" },
    { name = "pynput", specifier = ">=1.8.1" },
]

[[package]]
name = "pynput"
version = "1.8.1"
source = { registry = "https://pypi.org/simple" }
dependencies = [
    { name = "evdev", version = "1.7.1", source = { registry = "https://pypi.org/simple" }, marker = "python_full_version < '3.8' and 'linux' in sys_platform" },
    { name = "evdev", version = "1.9.2", source = { registry = "https://pypi.org/simple" }, marker = "python_full_version >= '3.8' and 'linux' in sys_platform" },
    { name = "pyobjc-framework-applicationservices", version = "9.2", source = { registry = "https://pypi.org/simple" }, marker = "python_full_version < '3.8' and sys_platform == 'darwin'" },
    { name = "pyobjc-framework-applicationservices", version = "10.3.2", source = { registry = "https://pypi.org/simple" }, marker = "python_full_version == '3.8.*' and sys_platform == 'darwin'" },
    { name = "pyobjc-framework-applicationservices", version = "11.0", source = { registry = "https://pypi.org/simple" }, marker = "python_full_version >= '3.9' and sys_platform == 'darwin'" },
    { name = "pyobjc-framework-quartz", version = "9.2", source = { registry = "https://pypi.org/simple" }, marker = "python_full_version < '3.8' and sys_platform == 'darwin'" },
    { name = "pyobjc-framework-quartz", version = "10.3.2", source = { registry = "https://pypi.org/simple" }, marker = "python_full_version == '3.8.*' and sys_platform == 'darwin'" },
    { name = "pyobjc-framework-quartz", version = "11.0", source = { registry = "https://pypi.org/simple" }, marker = "python_full_version >= '3.9' and sys_platform == 'darwin'" },
    { name = "python-xlib", marker = "'linux' in sys_platform" },
    { name = "six" },
]
sdist = { url = "https://files.pythonhosted.org/packages/f0/c3/dccf44c68225046df5324db0cc7d563a560635355b3e5f1d249468268a6f/pynput-1.8.1.tar.gz", hash = "sha256:70d7c8373ee98911004a7c938742242840a5628c004573d84ba849d4601df81e", size = 82289 }
wheels = [
    { url = "https://files.pythonhosted.org/packages/59/4f/ac3fa906ae8a375a536b12794128c5efacade9eaa917a35dfd27ce0c7400/pynput-1.8.1-py2.py3-none-any.whl", hash = "sha256:42dfcf27404459ca16ca889c8fb8ffe42a9fe54f722fd1a3e130728e59e768d2", size = 91693 },
]

[[package]]
name = "pyobjc-core"
version = "9.2"
source = { registry = "https://pypi.org/simple" }
resolution-markers = [
    "python_full_version < '3.8'",
]
sdist = { url = "https://files.pythonhosted.org/packages/48/d9/a13566ce8914746557b9e8637a5abe1caae86ed202b0fb072029626b8bb1/pyobjc-core-9.2.tar.gz", hash = "sha256:d734b9291fec91ff4e3ae38b9c6839debf02b79c07314476e87da8e90b2c68c3", size = 923758 }
wheels = [
    { url = "https://files.pythonhosted.org/packages/04/8f/e005f4863a7257285d5c98365e2d6e2dd717298d829453fc6eb25ac74a11/pyobjc_core-9.2-cp310-cp310-macosx_10_9_universal2.whl", hash = "sha256:fa674a39949f5cde8e5c7bbcd24496446bfc67592b028aedbec7f81dc5fc4daa", size = 736822 },
    { url = "https://files.pythonhosted.org/packages/81/49/766832436ba1f992328d6048145a1aaec11f677f1e53e0de658a2b627562/pyobjc_core-9.2-cp311-cp311-macosx_10_9_universal2.whl", hash = "sha256:bbc8de304ee322a1ee530b4d2daca135a49b4a49aa3cedc6b2c26c43885f4842", size = 731867 },
    { url = "https://files.pythonhosted.org/packages/08/45/b993d9ac2ea48f020ae6f295c61695818eebf3921d0959a000b8fcb2895e/pyobjc_core-9.2-cp312-cp312-macosx_10_9_universal2.whl", hash = "sha256:0fa950f092673883b8bd28bc18397415cabb457bf410920762109b411789ade9", size = 734746 },
    { url = "https://files.pythonhosted.org/packages/b9/75/7750c084871975ead4fdfc4938315709d48ea7952e8a1a2c6247436e0478/pyobjc_core-9.2-cp37-cp37m-macosx_10_9_x86_64.whl", hash = "sha256:586e4cae966282eaa61b21cae66ccdcee9d69c036979def26eebdc08ddebe20f", size = 397856 },
    { url = "https://files.pythonhosted.org/packages/04/f5/f750f72af0fe30c3e30b92f514701fb724db28b860838bc3b83584af01ff/pyobjc_core-9.2-cp38-cp38-macosx_10_9_x86_64.whl", hash = "sha256:41189c2c680931c0395a55691763c481fc681f454f21bb4f1644f98c24a45954", size = 406175 },
    { url = "https://files.pythonhosted.org/packages/b9/bd/3d85098a8f2cfd725391abf145c37a638717968efa52bfc0568e155a628e/pyobjc_core-9.2-cp38-cp38-macosx_11_0_universal2.whl", hash = "sha256:2d23ee539f2ba5e9f5653d75a13f575c7e36586fc0086792739e69e4c2617eda", size = 726463 },
    { url = "https://files.pythonhosted.org/packages/35/5e/6d130b175bb4d4635a0e434e7d05be019841ac11c63e9be7eb3c25029346/pyobjc_core-9.2-cp39-cp39-macosx_10_9_universal2.whl", hash = "sha256:b9809cf96678797acb72a758f34932fe8e2602d5ab7abec15c5ac68ddb481720", size = 737102 },
]

[[package]]
name = "pyobjc-core"
version = "11.0"
source = { registry = "https://pypi.org/simple" }
resolution-markers = [
    "python_full_version >= '3.9'",
    "python_full_version == '3.8.*'",
]
sdist = { url = "https://files.pythonhosted.org/packages/5c/94/a111239b98260869780a5767e5d74bfd3a8c13a40457f479c28dcd91f89d/pyobjc_core-11.0.tar.gz", hash = "sha256:63bced211cb8a8fb5c8ff46473603da30e51112861bd02c438fbbbc8578d9a70", size = 994931 }
wheels = [
    { url = "https://files.pythonhosted.org/packages/bc/21/ccc992b38670176a615fb67686d709e03be989511da687f6f49ddc4ff6c8/pyobjc_core-11.0-cp310-cp310-macosx_10_9_universal2.whl", hash = "sha256:10866b3a734d47caf48e456eea0d4815c2c9b21856157db5917b61dee06893a1", size = 732162 },
    { url = "https://files.pythonhosted.org/packages/52/05/fa97309c3b1bc1ec90d701db89902e0bd5e1024023aa2c5387b889458b1b/pyobjc_core-11.0-cp311-cp311-macosx_10_9_universal2.whl", hash = "sha256:50675c0bb8696fe960a28466f9baf6943df2928a1fd85625d678fa2f428bd0bd", size = 727295 },
    { url = "https://files.pythonhosted.org/packages/56/ce/bf3ff9a9347721a398c3dfb83e29b43fb166b7ef590f3f7b7ddcd283df39/pyobjc_core-11.0-cp312-cp312-macosx_10_13_universal2.whl", hash = "sha256:a03061d4955c62ddd7754224a80cdadfdf17b6b5f60df1d9169a3b1b02923f0b", size = 739750 },
    { url = "https://files.pythonhosted.org/packages/72/16/0c468e73dbecb821e3da8819236fe832dfc53eb5f66a11775b055a7589ea/pyobjc_core-11.0-cp313-cp313-macosx_10_13_universal2.whl", hash = "sha256:c338c1deb7ab2e9436d4175d1127da2eeed4a1b564b3d83b9f3ae4844ba97e86", size = 743900 },
    { url = "https://files.pythonhosted.org/packages/f3/88/cecec88fd51f62a6cd7775cc4fb6bfde16652f97df88d28c84fb77ca0c18/pyobjc_core-11.0-cp313-cp313t-macosx_10_13_universal2.whl", hash = "sha256:b4e9dc4296110f251a4033ff3f40320b35873ea7f876bd29a1c9705bb5e08c59", size = 791905 },
    { url = "https://files.pythonhosted.org/packages/14/ba/1c459d0f1fc4c80314040ea6efea433c0641adffa6701679ec3a917b51a3/pyobjc_core-11.0-cp39-cp39-macosx_10_9_universal2.whl", hash = "sha256:02406ece449d0f41b31e579e47ca77ced3eb57533df955281bfcecc99da74fba", size = 732648 },
]

[[package]]
name = "pyobjc-framework-applicationservices"
version = "9.2"
source = { registry = "https://pypi.org/simple" }
resolution-markers = [
    "python_full_version < '3.8'",
]
dependencies = [
    { name = "pyobjc-core", version = "9.2", source = { registry = "https://pypi.org/simple" }, marker = "python_full_version < '3.8'" },
    { name = "pyobjc-framework-cocoa", version = "9.2", source = { registry = "https://pypi.org/simple" }, marker = "python_full_version < '3.8'" },
    { name = "pyobjc-framework-quartz", version = "9.2", source = { registry = "https://pypi.org/simple" }, marker = "python_full_version < '3.8'" },
]
sdist = { url = "https://files.pythonhosted.org/packages/1f/0d/55aa1ed3b641675992991c1f353d076ddbcb779baccb297292531740dd51/pyobjc-framework-ApplicationServices-9.2.tar.gz", hash = "sha256:568c95dd1899b49f88af9d4a2da1e979b369f808c6854cf52c0035df09a2528a", size = 178160 }
wheels = [
    { url = "https://files.pythonhosted.org/packages/b9/4c/7c6f961c774452227b54c39b2ef60c745ad8edae285df308dd662c373599/pyobjc_framework_ApplicationServices-9.2-cp310-cp310-macosx_10_9_universal2.whl", hash = "sha256:e2c2ab49416c8307e669e01d5a3fc85a020a9e08c8f66e1bf510749bbd94b8d1", size = 32131 },
    { url = "https://files.pythonhosted.org/packages/5e/bc/c8842a4ddfa740c14e4896401b2a98da7ecf19e3ea988348bb669374c934/pyobjc_framework_ApplicationServices-9.2-cp311-cp311-macosx_10_9_universal2.whl", hash = "sha256:4001569355f03e6316417104cac03e3cf7009a9e54b03a02ca2efb6139413385", size = 32134 },
    { url = "https://files.pythonhosted.org/packages/ad/f3/1e844d38c8408209d3324cfd60d117b8e27110a4d279c2dae42d76649684/pyobjc_framework_ApplicationServices-9.2-cp312-cp312-macosx_10_9_universal2.whl", hash = "sha256:1952ccd27d6b72306c076795bea98094f502eb3b84cc8200a43016d21b145f39", size = 32187 },
    { url = "https://files.pythonhosted.org/packages/d0/59/3116470d17903733b8c1fb4427910ea201d682d843b9f758efcadca83529/pyobjc_framework_ApplicationServices-9.2-cp37-cp37m-macosx_10_9_x86_64.whl", hash = "sha256:7af207e950b5a8c0f59339e140e4cec4ba5e167f40e0b9a4bccb801010127bea", size = 25780 },
    { url = "https://files.pythonhosted.org/packages/50/68/566b189486f284cb8d74b661bebd35d8813ee0a82d64d234fd9fef70488b/pyobjc_framework_ApplicationServices-9.2-cp38-cp38-macosx_10_9_x86_64.whl", hash = "sha256:41808a8e44b7dc75b84fe62411a108617b567362ab1ff8db3a0661a6affd4a12", size = 25880 },
    { url = "https://files.pythonhosted.org/packages/a5/76/4258767d8dde537421dc2daa87e1a3e586968ea0fb0fde06802280218c2c/pyobjc_framework_ApplicationServices-9.2-cp38-cp38-macosx_11_0_universal2.whl", hash = "sha256:07015af65ca05a93c8e925a751946432e7ac337f7daae0b4dda7c469f7564376", size = 32210 },
    { url = "https://files.pythonhosted.org/packages/31/cb/46beb3245c92e84b7061094e0dcc1f5c4c6e1588a80ff7812dcfd2660d86/pyobjc_framework_ApplicationServices-9.2-cp39-cp39-macosx_10_9_universal2.whl", hash = "sha256:fc0198e02c9f9efa5e897f020b8c97a3dfd3ad219a024415efa4fc520850d2b2", size = 32116 },
]

[[package]]
name = "pyobjc-framework-applicationservices"
version = "10.3.2"
source = { registry = "https://pypi.org/simple" }
resolution-markers = [
    "python_full_version == '3.8.*'",
]
dependencies = [
    { name = "pyobjc-core", version = "11.0", source = { registry = "https://pypi.org/simple" }, marker = "python_full_version == '3.8.*'" },
    { name = "pyobjc-framework-cocoa", version = "10.3.2", source = { registry = "https://pypi.org/simple" }, marker = "python_full_version == '3.8.*'" },
    { name = "pyobjc-framework-coretext", version = "10.3.2", source = { registry = "https://pypi.org/simple" }, marker = "python_full_version == '3.8.*'" },
    { name = "pyobjc-framework-quartz", version = "10.3.2", source = { registry = "https://pypi.org/simple" }, marker = "python_full_version == '3.8.*'" },
]
sdist = { url = "https://files.pythonhosted.org/packages/78/a0/32cd02c3e5f0f740f86064a078278c180d3058c857b8425a5128866e3931/pyobjc_framework_applicationservices-10.3.2.tar.gz", hash = "sha256:2116c3854ac07c022268eebc7cb40ccba30727df78442e57e0280b5193c8183c", size = 183088 }
wheels = [
    { url = "https://files.pythonhosted.org/packages/73/f4/723f654f9b8002c018edaee7e054ebd8eaa1bc761c93ea3d8d549853c87d/pyobjc_framework_ApplicationServices-10.3.2-cp310-cp310-macosx_10_9_universal2.whl", hash = "sha256:7e0d5d7d23a406508d59fee53bb91b1f559c055d744edc3172669b3fb0f9941b", size = 30723 },
    { url = "https://files.pythonhosted.org/packages/87/07/168a9fe2a9431faa765f83768dba8e74a103ce70649e66a249e1bcfcbf71/pyobjc_framework_ApplicationServices-10.3.2-cp311-cp311-macosx_10_9_universal2.whl", hash = "sha256:f0a0b47a0371246a02efcf9335ae3d18166e80e4237e25c25a13993f8df5cc1d", size = 30724 },
    { url = "https://files.pythonhosted.org/packages/f7/c0/59d4a79aac12052c2c594c7e4e8f16ddf16be0aaae8f8321f93ac1f92a16/pyobjc_framework_ApplicationServices-10.3.2-cp312-cp312-macosx_10_13_universal2.whl", hash = "sha256:b9174444599b6adf37c1d28915445d716324f1cdc70a1818f7cb4f181caeee1b", size = 30776 },
    { url = "https://files.pythonhosted.org/packages/09/b9/1b47a7a4d693c0686e2b94bba09db00bf1ce9f29924403448c68286ec90c/pyobjc_framework_ApplicationServices-10.3.2-cp313-cp313-macosx_10_13_universal2.whl", hash = "sha256:18ea759e4792d3ed9e8b94f0d96f6fece647e365d0bb09bb935c32262822fe01", size = 30762 },
    { url = "https://files.pythonhosted.org/packages/ba/42/64f1f76e135b356e2b911925fd55438750b939a558acb29304dad6d0ffb8/pyobjc_framework_ApplicationServices-10.3.2-cp313-cp313t-macosx_10_13_universal2.whl", hash = "sha256:1b1db81225b993cd6f93c7271e13b0bbdfd3c89fae6f7111b21dd8933fab1269", size = 31128 },
    { url = "https://files.pythonhosted.org/packages/9a/de/7d36c974bb89727fbe3a6ef3f2afba4e1a89679c6d8b538b9406974f7fd1/pyobjc_framework_ApplicationServices-10.3.2-cp38-cp38-macosx_10_9_x86_64.whl", hash = "sha256:ae434e7812c82bf959efaa1f7592bd3bb2ea47ce4eb90e4106ff901d81ecb49c", size = 25856 },
    { url = "https://files.pythonhosted.org/packages/7d/9d/e8e284650b7a6082a3e478eacb291c6025a82d709f1b7cb07c00ef23a410/pyobjc_framework_ApplicationServices-10.3.2-cp38-cp38-macosx_11_0_universal2.whl", hash = "sha256:3ba30d55f0c31066e20c850c3ddeef4e728805d1957e235d0dcec6cadd3d4b90", size = 31579 },
    { url = "https://files.pythonhosted.org/packages/e9/9d/90869bbb4b31990b70ab784119b39b3da44fac630e5b5c28d668f4866384/pyobjc_framework_ApplicationServices-10.3.2-cp39-cp39-macosx_10_9_universal2.whl", hash = "sha256:323121f45aaa09dd8607e0554beb831184921ecaf69cd540debd91f2926d3b06", size = 30719 },
]

[[package]]
name = "pyobjc-framework-applicationservices"
version = "11.0"
source = { registry = "https://pypi.org/simple" }
resolution-markers = [
    "python_full_version >= '3.9'",
]
dependencies = [
    { name = "pyobjc-core", version = "11.0", source = { registry = "https://pypi.org/simple" }, marker = "python_full_version >= '3.9'" },
    { name = "pyobjc-framework-cocoa", version = "11.0", source = { registry = "https://pypi.org/simple" }, marker = "python_full_version >= '3.9'" },
    { name = "pyobjc-framework-coretext", version = "11.0", source = { registry = "https://pypi.org/simple" }, marker = "python_full_version >= '3.9'" },
    { name = "pyobjc-framework-quartz", version = "11.0", source = { registry = "https://pypi.org/simple" }, marker = "python_full_version >= '3.9'" },
]
sdist = { url = "https://files.pythonhosted.org/packages/ba/fb/4e42573b0d3baa3fa18ec53614cf979f951313f1451e8f2e17df9429da1f/pyobjc_framework_applicationservices-11.0.tar.gz", hash = "sha256:d6ea18dfc7d5626a3ecf4ac72d510405c0d3a648ca38cae8db841acdebecf4d2", size = 224334 }
wheels = [
    { url = "https://files.pythonhosted.org/packages/29/2e/23d996e8294cc4d4ac719c410b1d210dfb1f64eecf87170d5e72c966592a/pyobjc_framework_ApplicationServices-11.0-cp310-cp310-macosx_10_9_universal2.whl", hash = "sha256:bc8f34b5b59ffd3c210ae883d794345c1197558ff3da0f5800669cf16435271e", size = 30839 },
    { url = "https://files.pythonhosted.org/packages/99/37/3d4dc6c004aaeb67bd43f7261d7c169ff45b8fc0eefbc7ba8cd6b0c881bc/pyobjc_framework_ApplicationServices-11.0-cp311-cp311-macosx_10_9_universal2.whl", hash = "sha256:61a99eef23abb704257310db4f5271137707e184768f6407030c01de4731b67b", size = 30846 },
    { url = "https://files.pythonhosted.org/packages/74/a9/7a45a67e126d32c61ea22ffd80e87ff7e05b4acf32bede6cce071fbfffc8/pyobjc_framework_ApplicationServices-11.0-cp312-cp312-macosx_10_13_universal2.whl", hash = "sha256:5fbeb425897d6129471d451ec61a29ddd5b1386eb26b1dd49cb313e34616ee21", size = 30908 },
    { url = "https://files.pythonhosted.org/packages/82/47/ab4155ec966aff2f8f0f6978b40f12255e8ef46111ca0bda7987959b4052/pyobjc_framework_ApplicationServices-11.0-cp313-cp313-macosx_10_13_universal2.whl", hash = "sha256:59becf3cd87a4f4cedf4be02ff6cf46ed736f5c1123ce629f788aaafad91eff0", size = 30924 },
    { url = "https://files.pythonhosted.org/packages/a3/73/747aab95970e0b7b5d38c650028e5e034c0432d9451335ff790ca104f11a/pyobjc_framework_ApplicationServices-11.0-cp313-cp313t-macosx_10_13_universal2.whl", hash = "sha256:44b466e8745fb49e8ac20f29f2ffd7895b45e97aa63a844b2a80a97c3a34346f", size = 31279 },
    { url = "https://files.pythonhosted.org/packages/a7/db/e8895fffa91031ab348ccad426dbd4c7d787ee0f48e1590ccba841669755/pyobjc_framework_ApplicationServices-11.0-cp39-cp39-macosx_10_9_universal2.whl", hash = "sha256:74963e15a751d1454c1b8060914f116956e3a68f6a117c2163f491609125283b", size = 30809 },
]

[[package]]
name = "pyobjc-framework-cocoa"
version = "9.2"
source = { registry = "https://pypi.org/simple" }
resolution-markers = [
    "python_full_version < '3.8'",
]
dependencies = [
    { name = "pyobjc-core", version = "9.2", source = { registry = "https://pypi.org/simple" }, marker = "python_full_version < '3.8'" },
]
sdist = { url = "https://files.pythonhosted.org/packages/38/91/c54fdffda6d7cfad67ff617f19001163658d50bc72376d1584e691cf4895/pyobjc-framework-Cocoa-9.2.tar.gz", hash = "sha256:efd78080872d8c8de6c2b97e0e4eac99d6203a5d1637aa135d071d464eb2db53", size = 6170134 }
wheels = [
    { url = "https://files.pythonhosted.org/packages/d7/b3/e9c6d3e8d53453567805ca461cf52a08807ca2c860c1364c27dc10cdc67e/pyobjc_framework_Cocoa-9.2-cp310-cp310-macosx_10_9_universal2.whl", hash = "sha256:9e02d8a7cc4eb7685377c50ba4f17345701acf4c05b1e7480d421bff9e2f62a4", size = 390521 },
    { url = "https://files.pythonhosted.org/packages/04/0a/1bb7500d725593fa035b44c5d16b95c0b80d501db3ce1c2e97f47be23c69/pyobjc_framework_Cocoa-9.2-cp311-cp311-macosx_10_9_universal2.whl", hash = "sha256:3b1e6287b3149e4c6679cdbccd8e9ef6557a4e492a892e80a77df143f40026d2", size = 390498 },
    { url = "https://files.pythonhosted.org/packages/e0/f6/ecbc6323aa12df79acdaf8a75f7bb93d273b6dcd0c5b65658c2505bbc977/pyobjc_framework_Cocoa-9.2-cp312-cp312-macosx_10_9_universal2.whl", hash = "sha256:312977ce2e3989073c6b324c69ba24283de206fe7acd6dbbbaf3e29238a22537", size = 390601 },
    { url = "https://files.pythonhosted.org/packages/fa/f1/d3d3528d1d62d3e21211bcb8bd6bfe1b8c2815d700eb986fdb1f37de9c7d/pyobjc_framework_Cocoa-9.2-cp37-cp37m-macosx_10_9_x86_64.whl", hash = "sha256:aae7841cf40c26dd915f4dd828f91c6616e6b7998630b72e704750c09e00f334", size = 284387 },
    { url = "https://files.pythonhosted.org/packages/9b/e2/49ea296127184f8b578838ba0d3d170abb75c23760d940f952df0fe0e132/pyobjc_framework_Cocoa-9.2-cp38-cp38-macosx_10_9_x86_64.whl", hash = "sha256:739a421e14382a46cbeb9a883f192dceff368ad28ec34d895c48c0ad34cf2c1d", size = 285108 },
    { url = "https://files.pythonhosted.org/packages/15/10/0d46760671b5fce9e494db4dca3a976cb0ea4feba1ad8ef489082a09b253/pyobjc_framework_Cocoa-9.2-cp38-cp38-macosx_11_0_universal2.whl", hash = "sha256:32d9ac1033fac1b821ddee8c68f972a7074ad8c50bec0bea9a719034c1c2fb94", size = 390526 },
    { url = "https://files.pythonhosted.org/packages/64/09/d0eb252549b3009f008c8415c9739a9c726ddfec9adc1aa92b6a8dec0efe/pyobjc_framework_Cocoa-9.2-cp39-cp39-macosx_10_9_universal2.whl", hash = "sha256:b236bb965e41aeb2e215d4e98a5a230d4b63252c6d26e00924ea2e69540a59d6", size = 390462 },
]

[[package]]
name = "pyobjc-framework-cocoa"
version = "10.3.2"
source = { registry = "https://pypi.org/simple" }
resolution-markers = [
    "python_full_version == '3.8.*'",
]
dependencies = [
    { name = "pyobjc-core", version = "11.0", source = { registry = "https://pypi.org/simple" }, marker = "python_full_version == '3.8.*'" },
]
sdist = { url = "https://files.pythonhosted.org/packages/39/41/4f09a5e9a6769b4dafb293ea597ed693cc0def0e07867ad0a42664f530b6/pyobjc_framework_cocoa-10.3.2.tar.gz", hash = "sha256:673968e5435845bef969bfe374f31a1a6dc660c98608d2b84d5cae6eafa5c39d", size = 4942530 }
wheels = [
    { url = "https://files.pythonhosted.org/packages/7f/92/8181f9d1cc5539ffb56fe9a91df54348eb0eb36764e53b0082267192ce4b/pyobjc_framework_Cocoa-10.3.2-cp310-cp310-macosx_10_9_universal2.whl", hash = "sha256:61f44c2adab28fdf3aa3d593c9497a2d9ceb9583ed9814adb48828c385d83ff4", size = 381552 },
    { url = "https://files.pythonhosted.org/packages/94/52/a41bf62d1467d74e61a729a1e36e064abb47f124a5e484643f021388873f/pyobjc_framework_Cocoa-10.3.2-cp311-cp311-macosx_10_9_universal2.whl", hash = "sha256:7caaf8b260e81b27b7b787332846f644b9423bfc1536f6ec24edbde59ab77a87", size = 381529 },
    { url = "https://files.pythonhosted.org/packages/22/fc/496c6ce1386f93d22d9a1ee1889215ed69989d976efa27e46b37b95a4f2d/pyobjc_framework_Cocoa-10.3.2-cp312-cp312-macosx_10_13_universal2.whl", hash = "sha256:c49e99fc4b9e613fb308651b99d52a8a9ae9916c8ef27aa2f5d585b6678a59bf", size = 381866 },
    { url = "https://files.pythonhosted.org/packages/4e/c4/bccb4c05422170c0afccf6ebbdcc7551f7ddd03d2f7a65498d02cb179993/pyobjc_framework_Cocoa-10.3.2-cp313-cp313-macosx_10_13_universal2.whl", hash = "sha256:f1161b5713f9b9934c12649d73a6749617172e240f9431eff9e22175262fdfda", size = 381878 },
    { url = "https://files.pythonhosted.org/packages/25/ec/68657a633512edb84ecb1ff47a067a81028d6f027aa923e806400d2f8a26/pyobjc_framework_Cocoa-10.3.2-cp313-cp313t-macosx_10_13_universal2.whl", hash = "sha256:08e48b9ee4eb393447b2b781d16663b954bd10a26927df74f92e924c05568d89", size = 384925 },
    { url = "https://files.pythonhosted.org/packages/fc/6b/1167d2e926b29fa79680ba83028818af28ec97a91e84d849ab18a6b51342/pyobjc_framework_Cocoa-10.3.2-cp38-cp38-macosx_10_9_x86_64.whl", hash = "sha256:7faa448d2038ae0e0287a326d390002e744bb6470e45995e2dbd16c892e4495a", size = 284040 },
    { url = "https://files.pythonhosted.org/packages/41/df/b627ac079a11011f7a9e4ae5a3c358fc6540d0b51386d339e214a957a4aa/pyobjc_framework_Cocoa-10.3.2-cp38-cp38-macosx_11_0_universal2.whl", hash = "sha256:fcd53fee2be9708576617994b107aedc2c40824b648cd51e780e8399c0a447b6", size = 381813 },
    { url = "https://files.pythonhosted.org/packages/cc/fb/3ed87bcc1db8290cf83aad4cb584c7b489f1aad5500008ba3b43b6fd1a8b/pyobjc_framework_Cocoa-10.3.2-cp39-cp39-macosx_10_9_universal2.whl", hash = "sha256:838fcf0d10674bde9ff64a3f20c0e188f2dc5e804476d80509b81c4ac1dabc59", size = 381514 },
]

[[package]]
name = "pyobjc-framework-cocoa"
version = "11.0"
source = { registry = "https://pypi.org/simple" }
resolution-markers = [
    "python_full_version >= '3.9'",
]
dependencies = [
    { name = "pyobjc-core", version = "11.0", source = { registry = "https://pypi.org/simple" }, marker = "python_full_version >= '3.9'" },
]
sdist = { url = "https://files.pythonhosted.org/packages/c5/32/53809096ad5fc3e7a2c5ddea642590a5f2cb5b81d0ad6ea67fdb2263d9f9/pyobjc_framework_cocoa-11.0.tar.gz", hash = "sha256:00346a8cb81ad7b017b32ff7bf596000f9faa905807b1bd234644ebd47f692c5", size = 6173848 }
wheels = [
    { url = "https://files.pythonhosted.org/packages/37/16/905a32c5241848ddd91d94bae346342750f28f49fadb3746e9e796f929f3/pyobjc_framework_Cocoa-11.0-cp310-cp310-macosx_10_9_universal2.whl", hash = "sha256:fbc65f260d617d5463c7fb9dbaaffc23c9a4fabfe3b1a50b039b61870b8daefd", size = 385509 },
    { url = "https://files.pythonhosted.org/packages/23/97/81fd41ad90e9c241172110aa635a6239d56f50d75923aaedbbe351828580/pyobjc_framework_Cocoa-11.0-cp311-cp311-macosx_10_9_universal2.whl", hash = "sha256:3ea7be6e6dd801b297440de02d312ba3fa7fd3c322db747ae1cb237e975f5d33", size = 385534 },
    { url = "https://files.pythonhosted.org/packages/5b/8d/0e2558447c26b3ba64f7c9776a5a6c9d2ae8abf9d34308b174ae0934402e/pyobjc_framework_Cocoa-11.0-cp312-cp312-macosx_10_13_universal2.whl", hash = "sha256:280a577b83c68175a28b2b7138d1d2d3111f2b2b66c30e86f81a19c2b02eae71", size = 385811 },
    { url = "https://files.pythonhosted.org/packages/1d/a5/609281a7e89efefbef9db1d8fe66bc0458c3b4e74e2227c644f9c18926fa/pyobjc_framework_Cocoa-11.0-cp313-cp313-macosx_10_13_universal2.whl", hash = "sha256:15b2bd977ed340074f930f1330f03d42912d5882b697d78bd06f8ebe263ef92e", size = 385889 },
    { url = "https://files.pythonhosted.org/packages/93/f6/2d5a863673ef7b85a3cba875c43e6c495fb1307427a6801001ae94bb5e54/pyobjc_framework_Cocoa-11.0-cp313-cp313t-macosx_10_13_universal2.whl", hash = "sha256:5750001db544e67f2b66f02067d8f0da96bb2ef71732bde104f01b8628f9d7ea", size = 389831 },
    { url = "https://files.pythonhosted.org/packages/27/29/459cacd815c2e13de60b919c0af3d1056f74ff52172a4841684b5b946492/pyobjc_framework_Cocoa-11.0-cp39-cp39-macosx_10_9_universal2.whl", hash = "sha256:ddff25b0755d59873d186e1e07d6aaddb19d55e3ae890d69ff2d9babf8627657", size = 385407 },
]

[[package]]
name = "pyobjc-framework-coretext"
version = "10.3.2"
source = { registry = "https://pypi.org/simple" }
resolution-markers = [
    "python_full_version == '3.8.*'",
]
dependencies = [
    { name = "pyobjc-core", version = "11.0", source = { registry = "https://pypi.org/simple" }, marker = "python_full_version == '3.8.*'" },
    { name = "pyobjc-framework-cocoa", version = "10.3.2", source = { registry = "https://pypi.org/simple" }, marker = "python_full_version == '3.8.*'" },
    { name = "pyobjc-framework-quartz", version = "10.3.2", source = { registry = "https://pypi.org/simple" }, marker = "python_full_version == '3.8.*'" },
]
sdist = { url = "https://files.pythonhosted.org/packages/24/8e/bb442edfeeada13d2c96796bd36e3dcc0b91ac5c1a6774c21c12b7498770/pyobjc_framework_coretext-10.3.2.tar.gz", hash = "sha256:b1184146c628ba59c21c59eaa8e12256118daf8823deb7fb12013ecdfbc7f578", size = 233780 }
wheels = [
    { url = "https://files.pythonhosted.org/packages/5a/80/b40b6adb0d10f85b1f3edc11ab728ff35ef899ec71bc36b6d2c754495893/pyobjc_framework_CoreText-10.3.2-cp310-cp310-macosx_10_9_universal2.whl", hash = "sha256:ead0b5b28031259d8874d641887fcbe106a8325773e142b054532859eb3d9ad3", size = 30083 },
    { url = "https://files.pythonhosted.org/packages/72/33/66f7f410ae46bf0200bf8af8dbb68fe95a6ea9c2cc5f6696f8aef4837bc6/pyobjc_framework_CoreText-10.3.2-cp311-cp311-macosx_10_9_universal2.whl", hash = "sha256:c3b3cdf462442294319472bdacb013ce57f63f99325fa885b4b4a54a25bce201", size = 30084 },
    { url = "https://files.pythonhosted.org/packages/50/b6/44e23a558a777e25f98bc54ecd2a7a0febcec67e1ebe9b4ba90c3ddd0701/pyobjc_framework_CoreText-10.3.2-cp312-cp312-macosx_10_13_universal2.whl", hash = "sha256:6be644434ac69969cbf3cd4638ab0dfa5485da399d0e79e52b006658346d3881", size = 30226 },
    { url = "https://files.pythonhosted.org/packages/65/e8/d775ba05c4bdf275afed25dbbec745aada07f8461811df9f08c84d712ca9/pyobjc_framework_CoreText-10.3.2-cp313-cp313-macosx_10_13_universal2.whl", hash = "sha256:1721a16419dd75cedf87239fcb8e4739057d3b63d23378f4b38bda12acbe815b", size = 30214 },
    { url = "https://files.pythonhosted.org/packages/f0/f0/2ba3f0a982974e4bdeaec6b961dfbbde5919ed57bff926d8362f0f3e138c/pyobjc_framework_CoreText-10.3.2-cp313-cp313t-macosx_10_13_universal2.whl", hash = "sha256:685f3b3c2a65bf0f6709ea0e420ee1dac2610c939fe151a055feb8e7b477b845", size = 30754 },
    { url = "https://files.pythonhosted.org/packages/d5/16/204bcf3544f099a910ca2da32b239e0856154f78784b69eee2c9fd9a590f/pyobjc_framework_CoreText-10.3.2-cp38-cp38-macosx_10_9_x86_64.whl", hash = "sha256:d39bb096d27707f905f305b820fc29e3b5d55d704a6fd9520398e295d4a2cce6", size = 24332 },
    { url = "https://files.pythonhosted.org/packages/81/9b/d3e6b9d6b1569b35836bc3a24a5697ff4d58935cc9e59b51d6a97e6736fc/pyobjc_framework_CoreText-10.3.2-cp38-cp38-macosx_11_0_universal2.whl", hash = "sha256:6834b003ffe652f0de92144a34b9ce2d4b000828df9c4d717be8bc955076b588", size = 30053 },
    { url = "https://files.pythonhosted.org/packages/94/82/de06cbed56118b8fb6896d6b479c24c5526a4270d22f6d90e8a0cf043b75/pyobjc_framework_CoreText-10.3.2-cp39-cp39-macosx_10_9_universal2.whl", hash = "sha256:e76bab8328a729939035962d0cbbd2a191b3c02fae85431ea77b4469aa0c491d", size = 30081 },
]

[[package]]
name = "pyobjc-framework-coretext"
version = "11.0"
source = { registry = "https://pypi.org/simple" }
resolution-markers = [
    "python_full_version >= '3.9'",
]
dependencies = [
    { name = "pyobjc-core", version = "11.0", source = { registry = "https://pypi.org/simple" }, marker = "python_full_version >= '3.9'" },
    { name = "pyobjc-framework-cocoa", version = "11.0", source = { registry = "https://pypi.org/simple" }, marker = "python_full_version >= '3.9'" },
    { name = "pyobjc-framework-quartz", version = "11.0", source = { registry = "https://pypi.org/simple" }, marker = "python_full_version >= '3.9'" },
]
sdist = { url = "https://files.pythonhosted.org/packages/9d/e8/9b68dc788828e38143a3e834e66346713751cb83d7f0955016323005c1a2/pyobjc_framework_coretext-11.0.tar.gz", hash = "sha256:a68437153e627847e3898754dd3f13ae0cb852246b016a91f9c9cbccb9f91a43", size = 274222 }
wheels = [
    { url = "https://files.pythonhosted.org/packages/ce/af/aa4ab3e029a9f539e782eab894c57590791700d892cda73a324fe22e09a6/pyobjc_framework_CoreText-11.0-cp310-cp310-macosx_10_9_universal2.whl", hash = "sha256:6939b4ea745b349b5c964823a2071f155f5defdc9b9fc3a13f036d859d7d0439", size = 30395 },
    { url = "https://files.pythonhosted.org/packages/f6/20/b8a967101b585a2425ffe645135f8618edd51e1430aeb668373475a07d1f/pyobjc_framework_CoreText-11.0-cp311-cp311-macosx_10_9_universal2.whl", hash = "sha256:56a4889858308b0d9f147d568b4d91c441cc0ffd332497cb4f709bb1990450c1", size = 30397 },
    { url = "https://files.pythonhosted.org/packages/0d/14/d300b8bf18acd1d98d40820d2a9b5c5b6cf96325bdfc5020bc963218e001/pyobjc_framework_CoreText-11.0-cp312-cp312-macosx_10_13_universal2.whl", hash = "sha256:fb90e7f370b3fd7cb2fb442e3dc63fedf0b4af6908db1c18df694d10dc94669d", size = 30456 },
    { url = "https://files.pythonhosted.org/packages/94/f0/53b681481e9429e8f9ac2c039da6a820d7417ca92f763f01d629db36c530/pyobjc_framework_CoreText-11.0-cp313-cp313-macosx_10_13_universal2.whl", hash = "sha256:7947f755782456bd663e0b00c7905eeffd10f839f0bf2af031f68ded6a1ea360", size = 30453 },
    { url = "https://files.pythonhosted.org/packages/2a/3f/a6d09952e83d70be6d337a5f1d457018459a57a110a91c3e771a2f2a7de0/pyobjc_framework_CoreText-11.0-cp313-cp313t-macosx_10_13_universal2.whl", hash = "sha256:5356116bae33ec49f1f212c301378a7d08000440a2d6a7281aab351945528ab9", size = 31092 },
    { url = "https://files.pythonhosted.org/packages/c8/26/d18fd9fbb71dac6f43bd85d74aae3f3b4294ca96f0375878710763140b4b/pyobjc_framework_CoreText-11.0-cp39-cp39-macosx_10_9_universal2.whl", hash = "sha256:4a76e1307747f2ee8180d38844cd62b8bb1701b4203d9234cc41f6603d4ae654", size = 30377 },
]

[[package]]
name = "pyobjc-framework-quartz"
version = "9.2"
source = { registry = "https://pypi.org/simple" }
resolution-markers = [
    "python_full_version < '3.8'",
]
dependencies = [
    { name = "pyobjc-core", version = "9.2", source = { registry = "https://pypi.org/simple" }, marker = "python_full_version < '3.8'" },
    { name = "pyobjc-framework-cocoa", version = "9.2", source = { registry = "https://pypi.org/simple" }, marker = "python_full_version < '3.8'" },
]
sdist = { url = "https://files.pythonhosted.org/packages/49/52/a56bbd76bba721f49fa07d34ac962414b95eb49a9b941fe4d3761f3e6934/pyobjc-framework-Quartz-9.2.tar.gz", hash = "sha256:f586183b9b9ef7f165f0444a7b714ed965d79f6e92617caaf869150dcfd5a72b", size = 3905351 }
wheels = [
    { url = "https://files.pythonhosted.org/packages/e2/91/2bf6bd82d46427b93c7de4f5f37e7ee7e5dda57d85134aa42953319781fb/pyobjc_framework_Quartz-9.2-cp310-cp310-macosx_10_9_universal2.whl", hash = "sha256:fb700b24088c8fe126dc0fb5ab4caa156e1e48c1a94839e6bd31c18b570ed53a", size = 228252 },
    { url = "https://files.pythonhosted.org/packages/78/4a/38d88401b2e76eb7e470ecd64cb7a7eb0cd79bbc0639bc84e2deb800a967/pyobjc_framework_Quartz-9.2-cp311-cp311-macosx_10_9_universal2.whl", hash = "sha256:6f983d26720f5f9786db5b525fc61b981be50d0456da1686fc533867d8990bb9", size = 228260 },
    { url = "https://files.pythonhosted.org/packages/ed/9c/df038e1912f5d793dc94cbd082ac98f35deb712e033504b3285b136df46a/pyobjc_framework_Quartz-9.2-cp312-cp312-macosx_10_9_universal2.whl", hash = "sha256:5c512837c211df6a5214d4015f1f85524607952b0619789861c490900e3d5fb9", size = 227940 },
    { url = "https://files.pythonhosted.org/packages/ac/08/087fb085a6b9938c72d9b314e4c2f6df22f84a330c790b6063ffe0a47609/pyobjc_framework_Quartz-9.2-cp37-cp37m-macosx_10_9_x86_64.whl", hash = "sha256:0f81de8c846034e725b7ceaa2fec0cca16463a56bdbe099d1d44f20112182431", size = 143911 },
    { url = "https://files.pythonhosted.org/packages/b8/8d/f8f83f6019a564926a6e5ac6bb08c1de61de92b02c0bb3faa5e77ffe0389/pyobjc_framework_Quartz-9.2-cp38-cp38-macosx_10_9_x86_64.whl", hash = "sha256:ab346bbf410a0eaeca26d713ac1f13c014346cd1b7e195017c9502a17f6273db", size = 145076 },
    { url = "https://files.pythonhosted.org/packages/82/11/8631e39cb4bf889ccb5e6a86f45f022f0b2c9c4a416738229deccc65a86b/pyobjc_framework_Quartz-9.2-cp38-cp38-macosx_11_0_universal2.whl", hash = "sha256:16a0e0677dae6db858cf19943e34deb0424776c9a90a7b67564d0e216861b20d", size = 228787 },
    { url = "https://files.pythonhosted.org/packages/e3/f5/4d6043a7d659b0ea6fefd515c248f73082fb0a61d3f68e6b1778a8d5b1b9/pyobjc_framework_Quartz-9.2-cp39-cp39-macosx_10_9_universal2.whl", hash = "sha256:67909baadcfc3ad2864539af3e94c2c024a29d01d9d6da22bbf9b84eac50064e", size = 228172 },
]

[[package]]
name = "pyobjc-framework-quartz"
version = "10.3.2"
source = { registry = "https://pypi.org/simple" }
resolution-markers = [
    "python_full_version == '3.8.*'",
]
dependencies = [
    { name = "pyobjc-core", version = "11.0", source = { registry = "https://pypi.org/simple" }, marker = "python_full_version == '3.8.*'" },
    { name = "pyobjc-framework-cocoa", version = "10.3.2", source = { registry = "https://pypi.org/simple" }, marker = "python_full_version == '3.8.*'" },
]
sdist = { url = "https://files.pythonhosted.org/packages/eb/bd/d78c845a6f0640975e837d1d0f04d6bbd95bb88b77dcee22482144ac5ad0/pyobjc_framework_quartz-10.3.2.tar.gz", hash = "sha256:193e7752c93e2d1304f914e3a8c069f4b66de237376c5285ba7c72e9ee0e3b15", size = 3776754 }
wheels = [
    { url = "https://files.pythonhosted.org/packages/6d/fd/60864ad81d267978b64341d298e5167a973b9d0121bd01f9ff47ad1902fc/pyobjc_framework_Quartz-10.3.2-cp310-cp310-macosx_10_9_universal2.whl", hash = "sha256:5574754c23895269751c2b78d2d2b33b6de415f562534a1432484558f0a5a293", size = 209295 },
    { url = "https://files.pythonhosted.org/packages/e5/0c/465bb4415be16d96106f972500bc0fba5cd8a64951e24b37467d331e68f7/pyobjc_framework_Quartz-10.3.2-cp311-cp311-macosx_10_9_universal2.whl", hash = "sha256:4697f3ef1991f7877c201778005dc4098ced3d19d938ebf916384c8f795488d3", size = 209298 },
    { url = "https://files.pythonhosted.org/packages/ca/92/29f0726d1031f0958db7639ab25fd1d2591b2c0638f3a7ca771bbf2cceee/pyobjc_framework_Quartz-10.3.2-cp312-cp312-macosx_10_13_universal2.whl", hash = "sha256:604188ee8ff051ffe74a12cb3274403fe9c3fa02b15fc4132685c0f74285ffe5", size = 209183 },
    { url = "https://files.pythonhosted.org/packages/91/31/514b9b7c20fb8347dce5cdaa0934253a9c2c637d3f05b8f6ab1bb7fbbb4f/pyobjc_framework_Quartz-10.3.2-cp313-cp313-macosx_10_13_universal2.whl", hash = "sha256:9e27fb446e012c9571bc163cff5f3036e9e6fa5caca06b5d7882ad1c6b6aaf0c", size = 209167 },
    { url = "https://files.pythonhosted.org/packages/ed/8f/6c23066cfc3c65c9769ac0fb9696c94ce36dc81dba48270f9b4810ee72d6/pyobjc_framework_Quartz-10.3.2-cp313-cp313t-macosx_10_13_universal2.whl", hash = "sha256:d5bd6ef96a3d08c97cf2aca43a819113cdff494b5abebcedd7cf23b6d6e711f4", size = 213534 },
    { url = "https://files.pythonhosted.org/packages/2e/79/59963b2d9205695e5e3a0cbfbc5b225b687dc4fe111a1746707776e1f882/pyobjc_framework_Quartz-10.3.2-cp38-cp38-macosx_10_9_x86_64.whl", hash = "sha256:d3b55ec27cffff18d98d73694001a211ad4cdf717f7d8ad76235f845771d8b5d", size = 138020 },
    { url = "https://files.pythonhosted.org/packages/7a/12/f31289e7a824284e4bddd79745460c376c416bc003125b4fe704f4a09691/pyobjc_framework_Quartz-10.3.2-cp38-cp38-macosx_11_0_universal2.whl", hash = "sha256:a58826db7e71de4654e5215b46f00f7825b17991078c9ba74ca729a4da024f82", size = 211696 },
    { url = "https://files.pythonhosted.org/packages/85/8f/75fd9e6b7727607d631aaa555232189abca4b6b73318af087ed945ffb7e5/pyobjc_framework_Quartz-10.3.2-cp39-cp39-macosx_10_9_universal2.whl", hash = "sha256:6ede1001c28d27fc76f89a3243b3127dbd7dd03f39a3324766ae895cdcd1ebf1", size = 209270 },
]

[[package]]
name = "pyobjc-framework-quartz"
version = "11.0"
source = { registry = "https://pypi.org/simple" }
resolution-markers = [
    "python_full_version >= '3.9'",
]
dependencies = [
    { name = "pyobjc-core", version = "11.0", source = { registry = "https://pypi.org/simple" }, marker = "python_full_version >= '3.9'" },
    { name = "pyobjc-framework-cocoa", version = "11.0", source = { registry = "https://pypi.org/simple" }, marker = "python_full_version >= '3.9'" },
]
sdist = { url = "https://files.pythonhosted.org/packages/a5/ad/f00f3f53387c23bbf4e0bb1410e11978cbf87c82fa6baff0ee86f74c5fb6/pyobjc_framework_quartz-11.0.tar.gz", hash = "sha256:3205bf7795fb9ae34747f701486b3db6dfac71924894d1f372977c4d70c3c619", size = 3952463 }
wheels = [
    { url = "https://files.pythonhosted.org/packages/bd/b3/75fccb0406aac00eecbd14f278a9b6e6fc0e4483220d57eb3aff68666fb1/pyobjc_framework_Quartz-11.0-cp310-cp310-macosx_10_9_universal2.whl", hash = "sha256:da3ab13c9f92361959b41b0ad4cdd41ae872f90a6d8c58a9ed699bc08ab1c45c", size = 212343 },
    { url = "https://files.pythonhosted.org/packages/a3/6a/68957c8c5e8f0128d4d419728bac397d48fa7ad7a66e82b70e64d129ffca/pyobjc_framework_Quartz-11.0-cp311-cp311-macosx_10_9_universal2.whl", hash = "sha256:d251696bfd8e8ef72fbc90eb29fec95cb9d1cc409008a183d5cc3246130ae8c2", size = 212349 },
    { url = "https://files.pythonhosted.org/packages/60/5d/df827b78dcb5140652ad08af8038c9ddd7e01e6bdf84462bfee644e6e661/pyobjc_framework_Quartz-11.0-cp312-cp312-macosx_10_13_universal2.whl", hash = "sha256:cb4a9f2d9d580ea15e25e6b270f47681afb5689cafc9e25712445ce715bcd18e", size = 212061 },
    { url = "https://files.pythonhosted.org/packages/a6/9e/54c48fe8faab06ee5eb80796c8c17ec61fc313d84398540ee70abeaf7070/pyobjc_framework_Quartz-11.0-cp313-cp313-macosx_10_13_universal2.whl", hash = "sha256:973b4f9b8ab844574461a038bd5269f425a7368d6e677e3cc81fcc9b27b65498", size = 212478 },
    { url = "https://files.pythonhosted.org/packages/4a/28/456b54a59bfe11a91b7b4e94f8ffdcf174ffd1efa169f4283e5b3bc10194/pyobjc_framework_Quartz-11.0-cp313-cp313t-macosx_10_13_universal2.whl", hash = "sha256:66ab58d65348863b8707e63b2ec5cdc54569ee8189d1af90d52f29f5fdf6272c", size = 217973 },
    { url = "https://files.pythonhosted.org/packages/89/a9/c7efb146a2b9c9a7754fed1dd725f7342959644d903006dec28aa65a637e/pyobjc_framework_Quartz-11.0-cp39-cp39-macosx_10_9_universal2.whl", hash = "sha256:1032f63f2a4ee98366764e69c249f1d93813821e17d224cf626cf11fb1801fc4", size = 212182 },
]

[[package]]
name = "python-xlib"
version = "0.33"
source = { registry = "https://pypi.org/simple" }
dependencies = [
    { name = "six" },
]
sdist = { url = "https://files.pythonhosted.org/packages/86/f5/8c0653e5bb54e0cbdfe27bf32d41f27bc4e12faa8742778c17f2a71be2c0/python-xlib-0.33.tar.gz", hash = "sha256:55af7906a2c75ce6cb280a584776080602444f75815a7aff4d287bb2d7018b32", size = 269068 }
wheels = [
    { url = "https://files.pythonhosted.org/packages/fc/b8/ff33610932e0ee81ae7f1269c890f697d56ff74b9f5b2ee5d9b7fa2c5355/python_xlib-0.33-py2.py3-none-any.whl", hash = "sha256:c3534038d42e0df2f1392a1b30a15a4ff5fdc2b86cfa94f072bf11b10a164398", size = 182185 },
]

[[package]]
name = "six"
version = "1.17.0"
source = { registry = "https://pypi.org/simple" }
sdist = { url = "https://files.pythonhosted.org/packages/94/e7/b2c673351809dca68a0e064b6af791aa332cf192da575fd474ed7d6f16a2/six-1.17.0.tar.gz", hash = "sha256:ff70335d468e7eb6ec65b95b99d3a2836546063f63acc5171de367e834932a81", size = 34031 }
wheels = [
    { url = "https://files.pythonhosted.org/packages/b7/ce/149a00dd41f10bc29e5921b496af8b574d8413afcd5e30dfa0ed46c2cc5e/six-1.17.0-py2.py3-none-any.whl", hash = "sha256:4721f391ed90541fddacab5acf947aa0d3dc7d27b2e1e8eda2be8970586c3274", size = 11050 },
]
